{
  "name": "dnsserver",
  "lockfileVersion": 3,
  "requires": true,
  "packages": {
    "": {
      "name": "dnsserver",
      "dependencies": {
        "@google/generative-ai": "^0.21.0",
        "denamed": "^2.0.4",
        "dns-packet": "^5.6.1"
      },
      "devDependencies": {
        "@types/bun": "latest",
        "@types/node": "^22.10.7"
      },
      "peerDependencies": {
        "typescript": "^5.0.0"
      }
    },
    "node_modules/@google/generative-ai": {
      "version": "0.21.0",
      "license": "Apache-2.0",
      "engines": {
        "node": ">=18.0.0"
      }
    },
    "node_modules/@leichtgewicht/ip-codec": {
      "version": "2.0.5",
      "license": "MIT"
    },
    "node_modules/@types/bun": {
      "version": "1.2.2",
      "resolved": "https://registry.npmjs.org/@types/bun/-/bun-1.2.2.tgz",
      "integrity": "sha512-tr74gdku+AEDN5ergNiBnplr7hpDp3V1h7fqI2GcR/rsUaM39jpSeKH0TFibRvU0KwniRx5POgaYnaXbk0hU+w==",
      "dev": true,
      "dependencies": {
        "bun-types": "1.2.2"
      }
    },
    "node_modules/@types/node": {
      "version": "22.10.7",
      "dev": true,
      "license": "MIT",
      "dependencies": {
        "undici-types": "~6.20.0"
      }
    },
    "node_modules/@types/ws": {
      "version": "8.5.14",
      "resolved": "https://registry.npmjs.org/@types/ws/-/ws-8.5.14.tgz",
      "integrity": "sha512-bd/YFLW+URhBzMXurx7lWByOu+xzU9+kb3RboOteXYDfW+tr+JZa99OyNmPINEGB/ahzKrEuc8rcv4gnpJmxTw==",
      "dev": true,
      "dependencies": {
        "@types/node": "*"
      }
    },
    "node_modules/bun-types": {
      "version": "1.2.2",
      "resolved": "https://registry.npmjs.org/bun-types/-/bun-types-1.2.2.tgz",
      "integrity": "sha512-RCbMH5elr9gjgDGDhkTTugA21XtJAy/9jkKe/G3WR2q17VPGhcquf9Sir6uay9iW+7P/BV0CAHA1XlHXMAVKHg==",
      "dev": true,
      "dependencies": {
        "@types/node": "*",
        "@types/ws": "~8.5.10"
      }
    },
    "node_modules/denamed": {
      "version": "2.0.4",
      "license": "MIT",
      "dependencies": {
        "ipaddr.js": "2.0.0"
      },
      "engines": {
        "node": ">=14"
      }
    },
    "node_modules/dns-packet": {
      "version": "5.6.1",
      "resolved": "https://registry.npmjs.org/dns-packet/-/dns-packet-5.6.1.tgz",
      "integrity": "sha512-l4gcSouhcgIKRvyy99RNVOgxXiicE+2jZoNmaNmZ6JXiGajBOJAesk1OBlJuM5k2c+eudGdLxDqXuPCKIj6kpw==",
      "dependencies": {
        "@leichtgewicht/ip-codec": "^2.0.1"
      },
      "engines": {
        "node": ">=6"
      }
    },
    "node_modules/ipaddr.js": {
      "version": "2.0.0",
      "license": "MIT",
      "engines": {
        "node": ">= 10"
      }
    },
    "node_modules/undici-types": {
      "version": "6.20.0",
      "dev": true,
      "license": "MIT"
    }
  }
}
